<?xml version="1.0" encoding="utf-8"?>
<Project xmlns="http://schemas.microsoft.com/developer/msbuild/2003">
  <ItemGroup>
    <Filter Include="Form Files">
      <UniqueIdentifier>{99349809-55BA-4b9d-BF79-8FDBB0286EB3}</UniqueIdentifier>
      <Extensions>ui</Extensions>
      <ParseFiles>false</ParseFiles>
    </Filter>
    <Filter Include="Form Files">
      <UniqueIdentifier>{99349809-55BA-4b9d-BF79-8FDBB0286EB3}</UniqueIdentifier>
      <Extensions>ui</Extensions>
      <ParseFiles>false</ParseFiles>
    </Filter>
    <Filter Include="Generated Files">
      <UniqueIdentifier>{71ED8ED8-ACB9-4CE9-BBE1-E00B30144E11}</UniqueIdentifier>
      <Extensions>cpp;c;cxx;moc;h;def;odl;idl;res;</Extensions>
    </Filter>
    <Filter Include="Generated Files">
      <UniqueIdentifier>{71ED8ED8-ACB9-4CE9-BBE1-E00B30144E11}</UniqueIdentifier>
      <Extensions>cpp;c;cxx;moc;h;def;odl;idl;res;</Extensions>
    </Filter>
    <Filter Include="Header Files">
      <UniqueIdentifier>{93995380-89BD-4b04-88EB-625FBE52EBFB}</UniqueIdentifier>
      <Extensions>h;hpp;hxx;hm;inl;inc;xsd</Extensions>
    </Filter>
    <Filter Include="Header Files">
      <UniqueIdentifier>{93995380-89BD-4b04-88EB-625FBE52EBFB}</UniqueIdentifier>
      <Extensions>h;hpp;hxx;hm;inl;inc;xsd</Extensions>
    </Filter>
    <Filter Include="Resource Files">
      <UniqueIdentifier>{D9D6E242-F8AF-46E4-B9FD-80ECBC20BA3E}</UniqueIdentifier>
      <Extensions>qrc;*</Extensions>
      <ParseFiles>false</ParseFiles>
    </Filter>
    <Filter Include="Resource Files">
      <UniqueIdentifier>{D9D6E242-F8AF-46E4-B9FD-80ECBC20BA3E}</UniqueIdentifier>
      <Extensions>qrc;*</Extensions>
      <ParseFiles>false</ParseFiles>
    </Filter>
    <Filter Include="Source Files">
      <UniqueIdentifier>{4FC737F1-C7A5-4376-A066-2A32D752A2FF}</UniqueIdentifier>
      <Extensions>cpp;c;cxx;def;odl;idl;hpj;bat;asm;asmx</Extensions>
    </Filter>
    <Filter Include="Source Files">
      <UniqueIdentifier>{4FC737F1-C7A5-4376-A066-2A32D752A2FF}</UniqueIdentifier>
      <Extensions>cpp;c;cxx;def;odl;idl;hpj;bat;asm;asmx</Extensions>
    </Filter>
  </ItemGroup>
  <ItemGroup>
    <ClCompile Include="Button.cpp">
      <Filter>Source Files</Filter>
    </ClCompile>
    <ClCompile Include="CoderWidget.cpp">
      <Filter>Source Files</Filter>
    </ClCompile>
    <ClCompile Include="D3D11VAFilterWidget.cpp">
      <Filter>Source Files</Filter>
    </ClCompile>
    <ClCompile Include="D3D11VAWidget.cpp">
      <Filter>Source Files</Filter>
    </ClCompile>
    <ClCompile Include="DXVA2Widget.cpp">
      <Filter>Source Files</Filter>
    </ClCompile>
    <ClCompile Include="DecodeWidget.cpp">
      <Filter>Source Files</Filter>
    </ClCompile>
    <ClCompile Include="GrayPlayer.cpp">
      <Filter>Source Files</Filter>
    </ClCompile>
    <ClCompile Include="GrayPlayerBorder.cpp">
      <Filter>Source Files</Filter>
    </ClCompile>
    <ClCompile Include="GrayPlayerDecodeSetting.cpp">
      <Filter>Source Files</Filter>
    </ClCompile>
    <ClCompile Include="GrayPlayerEvent.cpp">
      <Filter>Source Files</Filter>
    </ClCompile>
    <ClCompile Include="GrayPlayerInit.cpp">
      <Filter>Source Files</Filter>
    </ClCompile>
    <ClCompile Include="MultimediaAHelper.cpp">
      <Filter>Source Files</Filter>
    </ClCompile>
    <ClCompile Include="MultimediaEvent.cpp">
      <Filter>Source Files</Filter>
    </ClCompile>
    <ClCompile Include="MultimediaFilter.cpp">
      <Filter>Source Files</Filter>
    </ClCompile>
    <ClCompile Include="MultimediaHW.cpp">
      <Filter>Source Files</Filter>
    </ClCompile>
    <ClCompile Include="MultimediaMain.cpp">
      <Filter>Source Files</Filter>
    </ClCompile>
    <ClCompile Include="MultimediaResource.cpp">
      <Filter>Source Files</Filter>
    </ClCompile>
    <ClCompile Include="MultimediaSetting.cpp">
      <Filter>Source Files</Filter>
    </ClCompile>
    <ClCompile Include="MultimediaTime.cpp">
      <Filter>Source Files</Filter>
    </ClCompile>
    <ClCompile Include="MultimediaType.cpp">
      <Filter>Source Files</Filter>
    </ClCompile>
    <ClCompile Include="MultimediaVD3D11.cpp">
      <Filter>Source Files</Filter>
    </ClCompile>
    <ClCompile Include="MultimediaVD3D9.cpp">
      <Filter>Source Files</Filter>
    </ClCompile>
    <ClCompile Include="MultimediaVDP.cpp">
      <Filter>Source Files</Filter>
    </ClCompile>
    <ClCompile Include="SWWidget.cpp">
      <Filter>Source Files</Filter>
    </ClCompile>
    <ClCompile Include="SettingWidget.cpp">
      <Filter>Source Files</Filter>
    </ClCompile>
    <ClCompile Include="Slider.cpp">
      <Filter>Source Files</Filter>
    </ClCompile>
    <ClCompile Include="main.cpp">
      <Filter>Source Files</Filter>
    </ClCompile>
  </ItemGroup>
  <ItemGroup>
    <QtMoc Include="AboutWidget.h">
      <Filter>Header Files</Filter>
    </QtMoc>
    <QtMoc Include="Button.h">
      <Filter>Header Files</Filter>
    </QtMoc>
    <QtMoc Include="CoderWidget.h">
      <Filter>Header Files</Filter>
    </QtMoc>
    <QtMoc Include="D3D11VAFilterWidget.h">
      <Filter>Header Files</Filter>
    </QtMoc>
    <QtMoc Include="D3D11VAWidget.h">
      <Filter>Header Files</Filter>
    </QtMoc>
    <QtMoc Include="DXVA2Widget.h">
      <Filter>Header Files</Filter>
    </QtMoc>
    <QtMoc Include="DecodeWidget.h">
      <Filter>Header Files</Filter>
    </QtMoc>
    <QtMoc Include="ExplainWidget.h">
      <Filter>Header Files</Filter>
    </QtMoc>
    <QtMoc Include="FramelessWidget.h">
      <Filter>Header Files</Filter>
    </QtMoc>
    <QtMoc Include="GrayPlayer.h">
      <Filter>Header Files</Filter>
    </QtMoc>
    <QtMoc Include="Logo.h">
      <Filter>Header Files</Filter>
    </QtMoc>
    <ClInclude Include="MainFrame.h">
      <Filter>Header Files</Filter>
    </ClInclude>
    <QtMoc Include="MultimediaAHelper.h">
      <Filter>Header Files</Filter>
    </QtMoc>
    <ClInclude Include="MultimediaEvent.h">
      <Filter>Header Files</Filter>
    </ClInclude>
    <ClInclude Include="MultimediaFilter.h">
      <Filter>Header Files</Filter>
    </ClInclude>
    <ClInclude Include="MultimediaHW.h">
      <Filter>Header Files</Filter>
    </ClInclude>
    <QtMoc Include="MultimediaMain.h">
      <Filter>Header Files</Filter>
    </QtMoc>
    <ClInclude Include="MultimediaResource.h">
      <Filter>Header Files</Filter>
    </ClInclude>
    <ClInclude Include="MultimediaSetting.h">
      <Filter>Header Files</Filter>
    </ClInclude>
    <QtMoc Include="MultimediaTime.h">
      <Filter>Header Files</Filter>
    </QtMoc>
    <ClInclude Include="MultimediaType.h">
      <Filter>Header Files</Filter>
    </ClInclude>
    <QtMoc Include="MultimediaVD3D11.h">
      <Filter>Header Files</Filter>
    </QtMoc>
    <QtMoc Include="MultimediaVD3D9.h">
      <Filter>Header Files</Filter>
    </QtMoc>
    <QtMoc Include="MultimediaVDP.h">
      <Filter>Header Files</Filter>
    </QtMoc>
    <QtMoc Include="SWWidget.h">
      <Filter>Header Files</Filter>
    </QtMoc>
    <QtMoc Include="SettingLabel.h">
      <Filter>Header Files</Filter>
    </QtMoc>
    <QtMoc Include="SettingWidget.h">
      <Filter>Header Files</Filter>
    </QtMoc>
    <QtMoc Include="Slider.h">
      <Filter>Header Files</Filter>
    </QtMoc>
    <QtMoc Include="TimeLabel.h">
      <Filter>Header Files</Filter>
    </QtMoc>
    <QtMoc Include="VideoArea.h">
      <Filter>Header Files</Filter>
    </QtMoc>
    <QtMoc Include="Volume.h">
      <Filter>Header Files</Filter>
    </QtMoc>
  </ItemGroup>
  <ItemGroup>
    
    
    
    
    
    
    
    
    
    
    
    
    
    
    
    
    
    
    
    
    
    
    
    
    
    
    
    
    
    
    
    
    
    
    
    
    
    
    
    
    
    
    
    
    
    
    
    
    <CustomBuild Include="debug\moc_predefs.h.cbt">
      <Filter>Generated Files</Filter>
    </CustomBuild>
    <CustomBuild Include="release\moc_predefs.h.cbt">
      <Filter>Generated Files</Filter>
    </CustomBuild>
    
    
    
    
    
    
    
    
    
    
    
    
  </ItemGroup>
  <ItemGroup>
    <QtUic Include="CoderWidget.ui">
      <Filter>Form Files</Filter>
    </QtUic>
    <QtUic Include="D3D11VAFilterWidget.ui">
      <Filter>Form Files</Filter>
    </QtUic>
    <QtUic Include="D3D11VAWidget.ui">
      <Filter>Form Files</Filter>
    </QtUic>
    <QtUic Include="DXVA2Widget.ui">
      <Filter>Form Files</Filter>
    </QtUic>
    <QtUic Include="DecodeWidget.ui">
      <Filter>Form Files</Filter>
    </QtUic>
    <QtUic Include="GrayPlayer.ui">
      <Filter>Form Files</Filter>
    </QtUic>
    <QtUic Include="SWWidget.ui">
      <Filter>Form Files</Filter>
    </QtUic>
    <QtUic Include="SettingWidget.ui">
      <Filter>Form Files</Filter>
    </QtUic>
  </ItemGroup>
  <ItemGroup>
    <None Include="aboutLogo.jpg">
      <Filter>Resource Files</Filter>
    </None>
    <None Include="down_arrow.jpg">
      <Filter>Resource Files</Filter>
    </None>
    <QtRcc Include="images.qrc">
      <Filter>Resource Files</Filter>
    </QtRcc>
    <None Include="logo.ico">
      <Filter>Resource Files</Filter>
    </None>
    <QtRcc Include="qml.qrc">
      <Filter>Resource Files</Filter>
    </QtRcc>
    <None Include="rgbAnimation.qml">
      <Filter>Resource Files</Filter>
    </None>
    <None Include="settingBackground.jpg">
      <Filter>Resource Files</Filter>
    </None>
    <None Include="settingTitle.jpg">
      <Filter>Resource Files</Filter>
    </None>
    <None Include="showWindow.jpg">
      <Filter>Resource Files</Filter>
    </None>
  </ItemGroup>
</Project>